
Microsoft Visual Studio Solution File, Format Version 12.00
# Visual Studio Version 17
VisualStudioVersion = 17.10.35013.160
MinimumVisualStudioVersion = 10.0.40219.1
Project("{FAE04EC0-301F-11D3-BF4B-00C04F79EFBC}") = "BarkodluSatis", "BarkodluSatis\BarkodluSatis.csproj", "{7FB1F80E-DD3D-4274-8EF1-14336F4D2BD3}"
EndProject
Global
	GlobalSection(SolutionConfigurationPlatforms) = preSolution
		Debug|Any CPU = Debug|Any CPU
		Release|Any CPU = Release|Any CPU
	EndGlobalSection
	GlobalSection(ProjectConfigurationPlatforms) = postSolution
		{7FB1F80E-DD3D-4274-8EF1-14336F4D2BD3}.Debug|Any CPU.ActiveCfg = Debug|Any CPU
		{7FB1F80E-DD3D-4274-8EF1-14336F4D2BD3}.Debug|Any CPU.Build.0 = Debug|Any CPU
		{7FB1F80E-DD3D-4274-8EF1-14336F4D2BD3}.Release|Any CPU.ActiveCfg = Release|Any CPU
		{7FB1F80E-DD3D-4274-8EF1-14336F4D2BD3}.Release|Any CPU.Build.0 = Release|Any CPU
	EndGlobalSection
	GlobalSection(SolutionProperties) = preSolution
		HideSolutionNode = FALSE
	EndGlobalSection
	GlobalSection(ExtensibilityGlobals) = postSolution
		SolutionGuid = {69241652-8F6D-427E-B0E3-7F8D83088FA0}
	EndGlobalSection
EndGlobal
